
Microsoft Visual Studio Solution File, Format Version 12.00
# Visual Studio Version 17
VisualStudioVersion = 17.2.32616.157
MinimumVisualStudioVersion = 10.0.40219.1
Project("{FAE04EC0-301F-11D3-BF4B-00C04F79EFBC}") = "rekenMachine", "rekenMachine\rekenMachine.csproj", "{8A4A2632-B27C-475C-A07B-0D346EAAB506}"
EndProject
Global
	GlobalSection(SolutionConfigurationPlatforms) = preSolution
		Debug|Any CPU = Debug|Any CPU
		Release|Any CPU = Release|Any CPU
	EndGlobalSection
	GlobalSection(ProjectConfigurationPlatforms) = postSolution
		{8A4A2632-B27C-475C-A07B-0D346EAAB506}.Debug|Any CPU.ActiveCfg = Debug|Any CPU
		{8A4A2632-B27C-475C-A07B-0D346EAAB506}.Debug|Any CPU.Build.0 = Debug|Any CPU
		{8A4A2632-B27C-475C-A07B-0D346EAAB506}.Release|Any CPU.ActiveCfg = Release|Any CPU
		{8A4A2632-B27C-475C-A07B-0D346EAAB506}.Release|Any CPU.Build.0 = Release|Any CPU
	EndGlobalSection
	GlobalSection(SolutionProperties) = preSolution
		HideSolutionNode = FALSE
	EndGlobalSection
	GlobalSection(ExtensibilityGlobals) = postSolution
		SolutionGuid = {4E42B05B-26E9-4310-B4C4-75781C10BC01}
	EndGlobalSection
EndGlobal
